
Microsoft Visual Studio Solution File, Format Version 12.00
# Visual Studio 15
VisualStudioVersion = 15.0.27130.2010
MinimumVisualStudioVersion = 10.0.40219.1
Project("{FAE04EC0-301F-11D3-BF4B-00C04F79EFBC}") = "Wibci.Xamarin.Images.Droid", "Wibci.Xamarin.Images\Wibci.Xamarin.Images.Droid\Wibci.Xamarin.Images.Droid.csproj", "{9B68D8B5-4CD3-4D84-A8BB-70A4142A74A5}"
EndProject
Project("{FAE04EC0-301F-11D3-BF4B-00C04F79EFBC}") = "Wibci.Xamarin.Images.iOS", "Wibci.Xamarin.Images.iOS\Wibci.Xamarin.Images.iOS.csproj", "{75B9DA7A-3B54-4D5D-832B-4130ECB80F86}"
EndProject
Project("{FAE04EC0-301F-11D3-BF4B-00C04F79EFBC}") = "Wibci.Xamarin.Images.UWP", "Wibci.Xamarin.Images.UWP\Wibci.Xamarin.Images.UWP.csproj", "{A0055959-5F49-4306-B128-6F2FBE7710D7}"
EndProject
Project("{2150E333-8FDC-42A3-9474-1A3956D46DE8}") = "Sample", "Sample", "{AC9F23D9-922C-423E-A552-3F8E5D91FECB}"
EndProject
Project("{9A19103F-16F7-4668-BE54-9A1E7A4F7556}") = "Wibci.Xamarin.Images", "Wibci.Xamarin.Images\Wibci.Xamarin.Images\Wibci.Xamarin.Images.csproj", "{E2A72E48-D468-4351-BB1A-1B0A7AE71B06}"
EndProject
Project("{FAE04EC0-301F-11D3-BF4B-00C04F79EFBC}") = "Wibci.Xamarin.Images.SampleApp.Android", "Wibci.Xamarin.Images.SampleApp\Wibci.Xamarin.Images.SampleApp.Android\Wibci.Xamarin.Images.SampleApp.Android.csproj", "{DCA15C04-2F62-4AEF-92A2-C9531C523B16}"
EndProject
Project("{FAE04EC0-301F-11D3-BF4B-00C04F79EFBC}") = "Wibci.Xamarin.Images.SampleApp.iOS", "Wibci.Xamarin.Images.SampleApp\Wibci.Xamarin.Images.SampleApp.iOS\Wibci.Xamarin.Images.SampleApp.iOS.csproj", "{16207224-0AE6-48B5-9D8D-24632C620A67}"
EndProject
Project("{FAE04EC0-301F-11D3-BF4B-00C04F79EFBC}") = "Wibci.Xamarin.Images.SampleApp.UWP", "Wibci.Xamarin.Images.SampleApp\Wibci.Xamarin.Images.SampleApp.UWP\Wibci.Xamarin.Images.SampleApp.UWP.csproj", "{D00A3A3A-6D05-412F-9F2A-611DC687ABF8}"
EndProject
Project("{FAE04EC0-301F-11D3-BF4B-00C04F79EFBC}") = "Wibci.Xamarin.Images.SampleApp", "Wibci.Xamarin.Images.SampleApp\Wibci.Xamarin.Images.SampleApp\Wibci.Xamarin.Images.SampleApp.csproj", "{AF9D289D-F8ED-4F28-8284-3D363DE80A3E}"
EndProject
Global
	GlobalSection(SolutionConfigurationPlatforms) = preSolution
		Ad-Hoc|Any CPU = Ad-Hoc|Any CPU
		Ad-Hoc|ARM = Ad-Hoc|ARM
		Ad-Hoc|iPhone = Ad-Hoc|iPhone
		Ad-Hoc|iPhoneSimulator = Ad-Hoc|iPhoneSimulator
		Ad-Hoc|x64 = Ad-Hoc|x64
		Ad-Hoc|x86 = Ad-Hoc|x86
		AppStore|Any CPU = AppStore|Any CPU
		AppStore|ARM = AppStore|ARM
		AppStore|iPhone = AppStore|iPhone
		AppStore|iPhoneSimulator = AppStore|iPhoneSimulator
		AppStore|x64 = AppStore|x64
		AppStore|x86 = AppStore|x86
		Debug|Any CPU = Debug|Any CPU
		Debug|ARM = Debug|ARM
		Debug|iPhone = Debug|iPhone
		Debug|iPhoneSimulator = Debug|iPhoneSimulator
		Debug|x64 = Debug|x64
		Debug|x86 = Debug|x86
		Release|Any CPU = Release|Any CPU
		Release|ARM = Release|ARM
		Release|iPhone = Release|iPhone
		Release|iPhoneSimulator = Release|iPhoneSimulator
		Release|x64 = Release|x64
		Release|x86 = Release|x86
	EndGlobalSection
	GlobalSection(ProjectConfigurationPlatforms) = postSolution
		{9B68D8B5-4CD3-4D84-A8BB-70A4142A74A5}.Ad-Hoc|Any CPU.ActiveCfg = Release|Any CPU
		{9B68D8B5-4CD3-4D84-A8BB-70A4142A74A5}.Ad-Hoc|Any CPU.Build.0 = Release|Any CPU
		{9B68D8B5-4CD3-4D84-A8BB-70A4142A74A5}.Ad-Hoc|Any CPU.Deploy.0 = Release|Any CPU
		{9B68D8B5-4CD3-4D84-A8BB-70A4142A74A5}.Ad-Hoc|ARM.ActiveCfg = Release|Any CPU
		{9B68D8B5-4CD3-4D84-A8BB-70A4142A74A5}.Ad-Hoc|ARM.Build.0 = Release|Any CPU
		{9B68D8B5-4CD3-4D84-A8BB-70A4142A74A5}.Ad-Hoc|ARM.Deploy.0 = Release|Any CPU
		{9B68D8B5-4CD3-4D84-A8BB-70A4142A74A5}.Ad-Hoc|iPhone.ActiveCfg = Release|Any CPU
		{9B68D8B5-4CD3-4D84-A8BB-70A4142A74A5}.Ad-Hoc|iPhone.Build.0 = Release|Any CPU
		{9B68D8B5-4CD3-4D84-A8BB-70A4142A74A5}.Ad-Hoc|iPhone.Deploy.0 = Release|Any CPU
		{9B68D8B5-4CD3-4D84-A8BB-70A4142A74A5}.Ad-Hoc|iPhoneSimulator.ActiveCfg = Release|Any CPU
		{9B68D8B5-4CD3-4D84-A8BB-70A4142A74A5}.Ad-Hoc|iPhoneSimulator.Build.0 = Release|Any CPU
		{9B68D8B5-4CD3-4D84-A8BB-70A4142A74A5}.Ad-Hoc|iPhoneSimulator.Deploy.0 = Release|Any CPU
		{9B68D8B5-4CD3-4D84-A8BB-70A4142A74A5}.Ad-Hoc|x64.ActiveCfg = Release|Any CPU
		{9B68D8B5-4CD3-4D84-A8BB-70A4142A74A5}.Ad-Hoc|x64.Build.0 = Release|Any CPU
		{9B68D8B5-4CD3-4D84-A8BB-70A4142A74A5}.Ad-Hoc|x64.Deploy.0 = Release|Any CPU
		{9B68D8B5-4CD3-4D84-A8BB-70A4142A74A5}.Ad-Hoc|x86.ActiveCfg = Release|Any CPU
		{9B68D8B5-4CD3-4D84-A8BB-70A4142A74A5}.Ad-Hoc|x86.Build.0 = Release|Any CPU
		{9B68D8B5-4CD3-4D84-A8BB-70A4142A74A5}.Ad-Hoc|x86.Deploy.0 = Release|Any CPU
		{9B68D8B5-4CD3-4D84-A8BB-70A4142A74A5}.AppStore|Any CPU.ActiveCfg = Release|Any CPU
		{9B68D8B5-4CD3-4D84-A8BB-70A4142A74A5}.AppStore|Any CPU.Build.0 = Release|Any CPU
		{9B68D8B5-4CD3-4D84-A8BB-70A4142A74A5}.AppStore|Any CPU.Deploy.0 = Release|Any CPU
		{9B68D8B5-4CD3-4D84-A8BB-70A4142A74A5}.AppStore|ARM.ActiveCfg = Release|Any CPU
		{9B68D8B5-4CD3-4D84-A8BB-70A4142A74A5}.AppStore|ARM.Build.0 = Release|Any CPU
		{9B68D8B5-4CD3-4D84-A8BB-70A4142A74A5}.AppStore|ARM.Deploy.0 = Release|Any CPU
		{9B68D8B5-4CD3-4D84-A8BB-70A4142A74A5}.AppStore|iPhone.ActiveCfg = Release|Any CPU
		{9B68D8B5-4CD3-4D84-A8BB-70A4142A74A5}.AppStore|iPhone.Build.0 = Release|Any CPU
		{9B68D8B5-4CD3-4D84-A8BB-70A4142A74A5}.AppStore|iPhone.Deploy.0 = Release|Any CPU
		{9B68D8B5-4CD3-4D84-A8BB-70A4142A74A5}.AppStore|iPhoneSimulator.ActiveCfg = Release|Any CPU
		{9B68D8B5-4CD3-4D84-A8BB-70A4142A74A5}.AppStore|iPhoneSimulator.Build.0 = Release|Any CPU
		{9B68D8B5-4CD3-4D84-A8BB-70A4142A74A5}.AppStore|iPhoneSimulator.Deploy.0 = Release|Any CPU
		{9B68D8B5-4CD3-4D84-A8BB-70A4142A74A5}.AppStore|x64.ActiveCfg = Release|Any CPU
		{9B68D8B5-4CD3-4D84-A8BB-70A4142A74A5}.AppStore|x64.Build.0 = Release|Any CPU
		{9B68D8B5-4CD3-4D84-A8BB-70A4142A74A5}.AppStore|x64.Deploy.0 = Release|Any CPU
		{9B68D8B5-4CD3-4D84-A8BB-70A4142A74A5}.AppStore|x86.ActiveCfg = Release|Any CPU
		{9B68D8B5-4CD3-4D84-A8BB-70A4142A74A5}.AppStore|x86.Build.0 = Release|Any CPU
		{9B68D8B5-4CD3-4D84-A8BB-70A4142A74A5}.AppStore|x86.Deploy.0 = Release|Any CPU
		{9B68D8B5-4CD3-4D84-A8BB-70A4142A74A5}.Debug|Any CPU.ActiveCfg = Debug|Any CPU
		{9B68D8B5-4CD3-4D84-A8BB-70A4142A74A5}.Debug|Any CPU.Build.0 = Debug|Any CPU
		{9B68D8B5-4CD3-4D84-A8BB-70A4142A74A5}.Debug|Any CPU.Deploy.0 = Debug|Any CPU
		{9B68D8B5-4CD3-4D84-A8BB-70A4142A74A5}.Debug|ARM.ActiveCfg = Debug|Any CPU
		{9B68D8B5-4CD3-4D84-A8BB-70A4142A74A5}.Debug|ARM.Build.0 = Debug|Any CPU
		{9B68D8B5-4CD3-4D84-A8BB-70A4142A74A5}.Debug|ARM.Deploy.0 = Debug|Any CPU
		{9B68D8B5-4CD3-4D84-A8BB-70A4142A74A5}.Debug|iPhone.ActiveCfg = Debug|Any CPU
		{9B68D8B5-4CD3-4D84-A8BB-70A4142A74A5}.Debug|iPhone.Build.0 = Debug|Any CPU
		{9B68D8B5-4CD3-4D84-A8BB-70A4142A74A5}.Debug|iPhone.Deploy.0 = Debug|Any CPU
		{9B68D8B5-4CD3-4D84-A8BB-70A4142A74A5}.Debug|iPhoneSimulator.ActiveCfg = Debug|Any CPU
		{9B68D8B5-4CD3-4D84-A8BB-70A4142A74A5}.Debug|iPhoneSimulator.Build.0 = Debug|Any CPU
		{9B68D8B5-4CD3-4D84-A8BB-70A4142A74A5}.Debug|iPhoneSimulator.Deploy.0 = Debug|Any CPU
		{9B68D8B5-4CD3-4D84-A8BB-70A4142A74A5}.Debug|x64.ActiveCfg = Debug|Any CPU
		{9B68D8B5-4CD3-4D84-A8BB-70A4142A74A5}.Debug|x64.Build.0 = Debug|Any CPU
		{9B68D8B5-4CD3-4D84-A8BB-70A4142A74A5}.Debug|x64.Deploy.0 = Debug|Any CPU
		{9B68D8B5-4CD3-4D84-A8BB-70A4142A74A5}.Debug|x86.ActiveCfg = Debug|Any CPU
		{9B68D8B5-4CD3-4D84-A8BB-70A4142A74A5}.Debug|x86.Build.0 = Debug|Any CPU
		{9B68D8B5-4CD3-4D84-A8BB-70A4142A74A5}.Debug|x86.Deploy.0 = Debug|Any CPU
		{9B68D8B5-4CD3-4D84-A8BB-70A4142A74A5}.Release|Any CPU.ActiveCfg = Release|Any CPU
		{9B68D8B5-4CD3-4D84-A8BB-70A4142A74A5}.Release|Any CPU.Build.0 = Release|Any CPU
		{9B68D8B5-4CD3-4D84-A8BB-70A4142A74A5}.Release|Any CPU.Deploy.0 = Release|Any CPU
		{9B68D8B5-4CD3-4D84-A8BB-70A4142A74A5}.Release|ARM.ActiveCfg = Release|Any CPU
		{9B68D8B5-4CD3-4D84-A8BB-70A4142A74A5}.Release|ARM.Build.0 = Release|Any CPU
		{9B68D8B5-4CD3-4D84-A8BB-70A4142A74A5}.Release|ARM.Deploy.0 = Release|Any CPU
		{9B68D8B5-4CD3-4D84-A8BB-70A4142A74A5}.Release|iPhone.ActiveCfg = Release|Any CPU
		{9B68D8B5-4CD3-4D84-A8BB-70A4142A74A5}.Release|iPhone.Build.0 = Release|Any CPU
		{9B68D8B5-4CD3-4D84-A8BB-70A4142A74A5}.Release|iPhone.Deploy.0 = Release|Any CPU
		{9B68D8B5-4CD3-4D84-A8BB-70A4142A74A5}.Release|iPhoneSimulator.ActiveCfg = Release|Any CPU
		{9B68D8B5-4CD3-4D84-A8BB-70A4142A74A5}.Release|iPhoneSimulator.Build.0 = Release|Any CPU
		{9B68D8B5-4CD3-4D84-A8BB-70A4142A74A5}.Release|iPhoneSimulator.Deploy.0 = Release|Any CPU
		{9B68D8B5-4CD3-4D84-A8BB-70A4142A74A5}.Release|x64.ActiveCfg = Release|Any CPU
		{9B68D8B5-4CD3-4D84-A8BB-70A4142A74A5}.Release|x64.Build.0 = Release|Any CPU
		{9B68D8B5-4CD3-4D84-A8BB-70A4142A74A5}.Release|x64.Deploy.0 = Release|Any CPU
		{9B68D8B5-4CD3-4D84-A8BB-70A4142A74A5}.Release|x86.ActiveCfg = Release|Any CPU
		{9B68D8B5-4CD3-4D84-A8BB-70A4142A74A5}.Release|x86.Build.0 = Release|Any CPU
		{9B68D8B5-4CD3-4D84-A8BB-70A4142A74A5}.Release|x86.Deploy.0 = Release|Any CPU
		{75B9DA7A-3B54-4D5D-832B-4130ECB80F86}.Ad-Hoc|Any CPU.ActiveCfg = Release|Any CPU
		{75B9DA7A-3B54-4D5D-832B-4130ECB80F86}.Ad-Hoc|Any CPU.Build.0 = Release|Any CPU
		{75B9DA7A-3B54-4D5D-832B-4130ECB80F86}.Ad-Hoc|ARM.ActiveCfg = Release|Any CPU
		{75B9DA7A-3B54-4D5D-832B-4130ECB80F86}.Ad-Hoc|ARM.Build.0 = Release|Any CPU
		{75B9DA7A-3B54-4D5D-832B-4130ECB80F86}.Ad-Hoc|iPhone.ActiveCfg = Release|Any CPU
		{75B9DA7A-3B54-4D5D-832B-4130ECB80F86}.Ad-Hoc|iPhone.Build.0 = Release|Any CPU
		{75B9DA7A-3B54-4D5D-832B-4130ECB80F86}.Ad-Hoc|iPhoneSimulator.ActiveCfg = Release|Any CPU
		{75B9DA7A-3B54-4D5D-832B-4130ECB80F86}.Ad-Hoc|iPhoneSimulator.Build.0 = Release|Any CPU
		{75B9DA7A-3B54-4D5D-832B-4130ECB80F86}.Ad-Hoc|x64.ActiveCfg = Release|Any CPU
		{75B9DA7A-3B54-4D5D-832B-4130ECB80F86}.Ad-Hoc|x64.Build.0 = Release|Any CPU
		{75B9DA7A-3B54-4D5D-832B-4130ECB80F86}.Ad-Hoc|x86.ActiveCfg = Release|Any CPU
		{75B9DA7A-3B54-4D5D-832B-4130ECB80F86}.Ad-Hoc|x86.Build.0 = Release|Any CPU
		{75B9DA7A-3B54-4D5D-832B-4130ECB80F86}.AppStore|Any CPU.ActiveCfg = Release|Any CPU
		{75B9DA7A-3B54-4D5D-832B-4130ECB80F86}.AppStore|Any CPU.Build.0 = Release|Any CPU
		{75B9DA7A-3B54-4D5D-832B-4130ECB80F86}.AppStore|ARM.ActiveCfg = Release|Any CPU
		{75B9DA7A-3B54-4D5D-832B-4130ECB80F86}.AppStore|ARM.Build.0 = Release|Any CPU
		{75B9DA7A-3B54-4D5D-832B-4130ECB80F86}.AppStore|iPhone.ActiveCfg = Release|Any CPU
		{75B9DA7A-3B54-4D5D-832B-4130ECB80F86}.AppStore|iPhone.Build.0 = Release|Any CPU
		{75B9DA7A-3B54-4D5D-832B-4130ECB80F86}.AppStore|iPhoneSimulator.ActiveCfg = Release|Any CPU
		{75B9DA7A-3B54-4D5D-832B-4130ECB80F86}.AppStore|iPhoneSimulator.Build.0 = Release|Any CPU
		{75B9DA7A-3B54-4D5D-832B-4130ECB80F86}.AppStore|x64.ActiveCfg = Release|Any CPU
		{75B9DA7A-3B54-4D5D-832B-4130ECB80F86}.AppStore|x64.Build.0 = Release|Any CPU
		{75B9DA7A-3B54-4D5D-832B-4130ECB80F86}.AppStore|x86.ActiveCfg = Release|Any CPU
		{75B9DA7A-3B54-4D5D-832B-4130ECB80F86}.AppStore|x86.Build.0 = Release|Any CPU
		{75B9DA7A-3B54-4D5D-832B-4130ECB80F86}.Debug|Any CPU.ActiveCfg = Debug|Any CPU
		{75B9DA7A-3B54-4D5D-832B-4130ECB80F86}.Debug|Any CPU.Build.0 = Debug|Any CPU
		{75B9DA7A-3B54-4D5D-832B-4130ECB80F86}.Debug|ARM.ActiveCfg = Debug|Any CPU
		{75B9DA7A-3B54-4D5D-832B-4130ECB80F86}.Debug|ARM.Build.0 = Debug|Any CPU
		{75B9DA7A-3B54-4D5D-832B-4130ECB80F86}.Debug|iPhone.ActiveCfg = Debug|Any CPU
		{75B9DA7A-3B54-4D5D-832B-4130ECB80F86}.Debug|iPhone.Build.0 = Debug|Any CPU
		{75B9DA7A-3B54-4D5D-832B-4130ECB80F86}.Debug|iPhoneSimulator.ActiveCfg = Debug|Any CPU
		{75B9DA7A-3B54-4D5D-832B-4130ECB80F86}.Debug|iPhoneSimulator.Build.0 = Debug|Any CPU
		{75B9DA7A-3B54-4D5D-832B-4130ECB80F86}.Debug|x64.ActiveCfg = Debug|Any CPU
		{75B9DA7A-3B54-4D5D-832B-4130ECB80F86}.Debug|x64.Build.0 = Debug|Any CPU
		{75B9DA7A-3B54-4D5D-832B-4130ECB80F86}.Debug|x86.ActiveCfg = Debug|Any CPU
		{75B9DA7A-3B54-4D5D-832B-4130ECB80F86}.Debug|x86.Build.0 = Debug|Any CPU
		{75B9DA7A-3B54-4D5D-832B-4130ECB80F86}.Release|Any CPU.ActiveCfg = Release|Any CPU
		{75B9DA7A-3B54-4D5D-832B-4130ECB80F86}.Release|Any CPU.Build.0 = Release|Any CPU
		{75B9DA7A-3B54-4D5D-832B-4130ECB80F86}.Release|ARM.ActiveCfg = Release|Any CPU
		{75B9DA7A-3B54-4D5D-832B-4130ECB80F86}.Release|ARM.Build.0 = Release|Any CPU
		{75B9DA7A-3B54-4D5D-832B-4130ECB80F86}.Release|iPhone.ActiveCfg = Release|Any CPU
		{75B9DA7A-3B54-4D5D-832B-4130ECB80F86}.Release|iPhone.Build.0 = Release|Any CPU
		{75B9DA7A-3B54-4D5D-832B-4130ECB80F86}.Release|iPhoneSimulator.ActiveCfg = Release|Any CPU
		{75B9DA7A-3B54-4D5D-832B-4130ECB80F86}.Release|iPhoneSimulator.Build.0 = Release|Any CPU
		{75B9DA7A-3B54-4D5D-832B-4130ECB80F86}.Release|x64.ActiveCfg = Release|Any CPU
		{75B9DA7A-3B54-4D5D-832B-4130ECB80F86}.Release|x64.Build.0 = Release|Any CPU
		{75B9DA7A-3B54-4D5D-832B-4130ECB80F86}.Release|x86.ActiveCfg = Release|Any CPU
		{75B9DA7A-3B54-4D5D-832B-4130ECB80F86}.Release|x86.Build.0 = Release|Any CPU
		{A0055959-5F49-4306-B128-6F2FBE7710D7}.Ad-Hoc|Any CPU.ActiveCfg = Release|Any CPU
		{A0055959-5F49-4306-B128-6F2FBE7710D7}.Ad-Hoc|Any CPU.Build.0 = Release|Any CPU
		{A0055959-5F49-4306-B128-6F2FBE7710D7}.Ad-Hoc|ARM.ActiveCfg = Release|ARM
		{A0055959-5F49-4306-B128-6F2FBE7710D7}.Ad-Hoc|ARM.Build.0 = Release|ARM
		{A0055959-5F49-4306-B128-6F2FBE7710D7}.Ad-Hoc|iPhone.ActiveCfg = Release|Any CPU
		{A0055959-5F49-4306-B128-6F2FBE7710D7}.Ad-Hoc|iPhone.Build.0 = Release|Any CPU
		{A0055959-5F49-4306-B128-6F2FBE7710D7}.Ad-Hoc|iPhoneSimulator.ActiveCfg = Release|Any CPU
		{A0055959-5F49-4306-B128-6F2FBE7710D7}.Ad-Hoc|iPhoneSimulator.Build.0 = Release|Any CPU
		{A0055959-5F49-4306-B128-6F2FBE7710D7}.Ad-Hoc|x64.ActiveCfg = Release|x64
		{A0055959-5F49-4306-B128-6F2FBE7710D7}.Ad-Hoc|x64.Build.0 = Release|x64
		{A0055959-5F49-4306-B128-6F2FBE7710D7}.Ad-Hoc|x86.ActiveCfg = Release|x86
		{A0055959-5F49-4306-B128-6F2FBE7710D7}.Ad-Hoc|x86.Build.0 = Release|x86
		{A0055959-5F49-4306-B128-6F2FBE7710D7}.AppStore|Any CPU.ActiveCfg = Release|Any CPU
		{A0055959-5F49-4306-B128-6F2FBE7710D7}.AppStore|Any CPU.Build.0 = Release|Any CPU
		{A0055959-5F49-4306-B128-6F2FBE7710D7}.AppStore|ARM.ActiveCfg = Release|ARM
		{A0055959-5F49-4306-B128-6F2FBE7710D7}.AppStore|ARM.Build.0 = Release|ARM
		{A0055959-5F49-4306-B128-6F2FBE7710D7}.AppStore|iPhone.ActiveCfg = Release|Any CPU
		{A0055959-5F49-4306-B128-6F2FBE7710D7}.AppStore|iPhone.Build.0 = Release|Any CPU
		{A0055959-5F49-4306-B128-6F2FBE7710D7}.AppStore|iPhoneSimulator.ActiveCfg = Release|Any CPU
		{A0055959-5F49-4306-B128-6F2FBE7710D7}.AppStore|iPhoneSimulator.Build.0 = Release|Any CPU
		{A0055959-5F49-4306-B128-6F2FBE7710D7}.AppStore|x64.ActiveCfg = Release|x64
		{A0055959-5F49-4306-B128-6F2FBE7710D7}.AppStore|x64.Build.0 = Release|x64
		{A0055959-5F49-4306-B128-6F2FBE7710D7}.AppStore|x86.ActiveCfg = Release|x86
		{A0055959-5F49-4306-B128-6F2FBE7710D7}.AppStore|x86.Build.0 = Release|x86
		{A0055959-5F49-4306-B128-6F2FBE7710D7}.Debug|Any CPU.ActiveCfg = Debug|Any CPU
		{A0055959-5F49-4306-B128-6F2FBE7710D7}.Debug|Any CPU.Build.0 = Debug|Any CPU
		{A0055959-5F49-4306-B128-6F2FBE7710D7}.Debug|ARM.ActiveCfg = Debug|ARM
		{A0055959-5F49-4306-B128-6F2FBE7710D7}.Debug|ARM.Build.0 = Debug|ARM
		{A0055959-5F49-4306-B128-6F2FBE7710D7}.Debug|iPhone.ActiveCfg = Debug|Any CPU
		{A0055959-5F49-4306-B128-6F2FBE7710D7}.Debug|iPhone.Build.0 = Debug|Any CPU
		{A0055959-5F49-4306-B128-6F2FBE7710D7}.Debug|iPhoneSimulator.ActiveCfg = Debug|Any CPU
		{A0055959-5F49-4306-B128-6F2FBE7710D7}.Debug|iPhoneSimulator.Build.0 = Debug|Any CPU
		{A0055959-5F49-4306-B128-6F2FBE7710D7}.Debug|x64.ActiveCfg = Debug|x64
		{A0055959-5F49-4306-B128-6F2FBE7710D7}.Debug|x64.Build.0 = Debug|x64
		{A0055959-5F49-4306-B128-6F2FBE7710D7}.Debug|x86.ActiveCfg = Debug|x86
		{A0055959-5F49-4306-B128-6F2FBE7710D7}.Debug|x86.Build.0 = Debug|x86
		{A0055959-5F49-4306-B128-6F2FBE7710D7}.Release|Any CPU.ActiveCfg = Release|Any CPU
		{A0055959-5F49-4306-B128-6F2FBE7710D7}.Release|Any CPU.Build.0 = Release|Any CPU
		{A0055959-5F49-4306-B128-6F2FBE7710D7}.Release|ARM.ActiveCfg = Release|ARM
		{A0055959-5F49-4306-B128-6F2FBE7710D7}.Release|ARM.Build.0 = Release|ARM
		{A0055959-5F49-4306-B128-6F2FBE7710D7}.Release|iPhone.ActiveCfg = Release|Any CPU
		{A0055959-5F49-4306-B128-6F2FBE7710D7}.Release|iPhone.Build.0 = Release|Any CPU
		{A0055959-5F49-4306-B128-6F2FBE7710D7}.Release|iPhoneSimulator.ActiveCfg = Release|Any CPU
		{A0055959-5F49-4306-B128-6F2FBE7710D7}.Release|iPhoneSimulator.Build.0 = Release|Any CPU
		{A0055959-5F49-4306-B128-6F2FBE7710D7}.Release|x64.ActiveCfg = Release|x64
		{A0055959-5F49-4306-B128-6F2FBE7710D7}.Release|x64.Build.0 = Release|x64
		{A0055959-5F49-4306-B128-6F2FBE7710D7}.Release|x86.ActiveCfg = Release|x86
		{A0055959-5F49-4306-B128-6F2FBE7710D7}.Release|x86.Build.0 = Release|x86
		{E2A72E48-D468-4351-BB1A-1B0A7AE71B06}.Ad-Hoc|Any CPU.ActiveCfg = Debug|Any CPU
		{E2A72E48-D468-4351-BB1A-1B0A7AE71B06}.Ad-Hoc|Any CPU.Build.0 = Debug|Any CPU
		{E2A72E48-D468-4351-BB1A-1B0A7AE71B06}.Ad-Hoc|ARM.ActiveCfg = Debug|Any CPU
		{E2A72E48-D468-4351-BB1A-1B0A7AE71B06}.Ad-Hoc|ARM.Build.0 = Debug|Any CPU
		{E2A72E48-D468-4351-BB1A-1B0A7AE71B06}.Ad-Hoc|iPhone.ActiveCfg = Debug|Any CPU
		{E2A72E48-D468-4351-BB1A-1B0A7AE71B06}.Ad-Hoc|iPhone.Build.0 = Debug|Any CPU
		{E2A72E48-D468-4351-BB1A-1B0A7AE71B06}.Ad-Hoc|iPhoneSimulator.ActiveCfg = Debug|Any CPU
		{E2A72E48-D468-4351-BB1A-1B0A7AE71B06}.Ad-Hoc|iPhoneSimulator.Build.0 = Debug|Any CPU
		{E2A72E48-D468-4351-BB1A-1B0A7AE71B06}.Ad-Hoc|x64.ActiveCfg = Debug|Any CPU
		{E2A72E48-D468-4351-BB1A-1B0A7AE71B06}.Ad-Hoc|x64.Build.0 = Debug|Any CPU
		{E2A72E48-D468-4351-BB1A-1B0A7AE71B06}.Ad-Hoc|x86.ActiveCfg = Debug|Any CPU
		{E2A72E48-D468-4351-BB1A-1B0A7AE71B06}.Ad-Hoc|x86.Build.0 = Debug|Any CPU
		{E2A72E48-D468-4351-BB1A-1B0A7AE71B06}.AppStore|Any CPU.ActiveCfg = Debug|Any CPU
		{E2A72E48-D468-4351-BB1A-1B0A7AE71B06}.AppStore|Any CPU.Build.0 = Debug|Any CPU
		{E2A72E48-D468-4351-BB1A-1B0A7AE71B06}.AppStore|ARM.ActiveCfg = Debug|Any CPU
		{E2A72E48-D468-4351-BB1A-1B0A7AE71B06}.AppStore|ARM.Build.0 = Debug|Any CPU
		{E2A72E48-D468-4351-BB1A-1B0A7AE71B06}.AppStore|iPhone.ActiveCfg = Debug|Any CPU
		{E2A72E48-D468-4351-BB1A-1B0A7AE71B06}.AppStore|iPhone.Build.0 = Debug|Any CPU
		{E2A72E48-D468-4351-BB1A-1B0A7AE71B06}.AppStore|iPhoneSimulator.ActiveCfg = Debug|Any CPU
		{E2A72E48-D468-4351-BB1A-1B0A7AE71B06}.AppStore|iPhoneSimulator.Build.0 = Debug|Any CPU
		{E2A72E48-D468-4351-BB1A-1B0A7AE71B06}.AppStore|x64.ActiveCfg = Debug|Any CPU
		{E2A72E48-D468-4351-BB1A-1B0A7AE71B06}.AppStore|x64.Build.0 = Debug|Any CPU
		{E2A72E48-D468-4351-BB1A-1B0A7AE71B06}.AppStore|x86.ActiveCfg = Debug|Any CPU
		{E2A72E48-D468-4351-BB1A-1B0A7AE71B06}.AppStore|x86.Build.0 = Debug|Any CPU
		{E2A72E48-D468-4351-BB1A-1B0A7AE71B06}.Debug|Any CPU.ActiveCfg = Debug|Any CPU
		{E2A72E48-D468-4351-BB1A-1B0A7AE71B06}.Debug|Any CPU.Build.0 = Debug|Any CPU
		{E2A72E48-D468-4351-BB1A-1B0A7AE71B06}.Debug|ARM.ActiveCfg = Debug|Any CPU
		{E2A72E48-D468-4351-BB1A-1B0A7AE71B06}.Debug|ARM.Build.0 = Debug|Any CPU
		{E2A72E48-D468-4351-BB1A-1B0A7AE71B06}.Debug|iPhone.ActiveCfg = Debug|Any CPU
		{E2A72E48-D468-4351-BB1A-1B0A7AE71B06}.Debug|iPhone.Build.0 = Debug|Any CPU
		{E2A72E48-D468-4351-BB1A-1B0A7AE71B06}.Debug|iPhoneSimulator.ActiveCfg = Debug|Any CPU
		{E2A72E48-D468-4351-BB1A-1B0A7AE71B06}.Debug|iPhoneSimulator.Build.0 = Debug|Any CPU
		{E2A72E48-D468-4351-BB1A-1B0A7AE71B06}.Debug|x64.ActiveCfg = Debug|Any CPU
		{E2A72E48-D468-4351-BB1A-1B0A7AE71B06}.Debug|x64.Build.0 = Debug|Any CPU
		{E2A72E48-D468-4351-BB1A-1B0A7AE71B06}.Debug|x86.ActiveCfg = Debug|Any CPU
		{E2A72E48-D468-4351-BB1A-1B0A7AE71B06}.Debug|x86.Build.0 = Debug|Any CPU
		{E2A72E48-D468-4351-BB1A-1B0A7AE71B06}.Release|Any CPU.ActiveCfg = Release|Any CPU
		{E2A72E48-D468-4351-BB1A-1B0A7AE71B06}.Release|Any CPU.Build.0 = Release|Any CPU
		{E2A72E48-D468-4351-BB1A-1B0A7AE71B06}.Release|ARM.ActiveCfg = Release|Any CPU
		{E2A72E48-D468-4351-BB1A-1B0A7AE71B06}.Release|ARM.Build.0 = Release|Any CPU
		{E2A72E48-D468-4351-BB1A-1B0A7AE71B06}.Release|iPhone.ActiveCfg = Release|Any CPU
		{E2A72E48-D468-4351-BB1A-1B0A7AE71B06}.Release|iPhone.Build.0 = Release|Any CPU
		{E2A72E48-D468-4351-BB1A-1B0A7AE71B06}.Release|iPhoneSimulator.ActiveCfg = Release|Any CPU
		{E2A72E48-D468-4351-BB1A-1B0A7AE71B06}.Release|iPhoneSimulator.Build.0 = Release|Any CPU
		{E2A72E48-D468-4351-BB1A-1B0A7AE71B06}.Release|x64.ActiveCfg = Release|Any CPU
		{E2A72E48-D468-4351-BB1A-1B0A7AE71B06}.Release|x64.Build.0 = Release|Any CPU
		{E2A72E48-D468-4351-BB1A-1B0A7AE71B06}.Release|x86.ActiveCfg = Release|Any CPU
		{E2A72E48-D468-4351-BB1A-1B0A7AE71B06}.Release|x86.Build.0 = Release|Any CPU
		{DCA15C04-2F62-4AEF-92A2-C9531C523B16}.Ad-Hoc|Any CPU.ActiveCfg = Release|Any CPU
		{DCA15C04-2F62-4AEF-92A2-C9531C523B16}.Ad-Hoc|Any CPU.Build.0 = Release|Any CPU
		{DCA15C04-2F62-4AEF-92A2-C9531C523B16}.Ad-Hoc|Any CPU.Deploy.0 = Release|Any CPU
		{DCA15C04-2F62-4AEF-92A2-C9531C523B16}.Ad-Hoc|ARM.ActiveCfg = Release|Any CPU
		{DCA15C04-2F62-4AEF-92A2-C9531C523B16}.Ad-Hoc|ARM.Build.0 = Release|Any CPU
		{DCA15C04-2F62-4AEF-92A2-C9531C523B16}.Ad-Hoc|ARM.Deploy.0 = Release|Any CPU
		{DCA15C04-2F62-4AEF-92A2-C9531C523B16}.Ad-Hoc|iPhone.ActiveCfg = Release|Any CPU
		{DCA15C04-2F62-4AEF-92A2-C9531C523B16}.Ad-Hoc|iPhone.Build.0 = Release|Any CPU
		{DCA15C04-2F62-4AEF-92A2-C9531C523B16}.Ad-Hoc|iPhone.Deploy.0 = Release|Any CPU
		{DCA15C04-2F62-4AEF-92A2-C9531C523B16}.Ad-Hoc|iPhoneSimulator.ActiveCfg = Release|Any CPU
		{DCA15C04-2F62-4AEF-92A2-C9531C523B16}.Ad-Hoc|iPhoneSimulator.Build.0 = Release|Any CPU
		{DCA15C04-2F62-4AEF-92A2-C9531C523B16}.Ad-Hoc|iPhoneSimulator.Deploy.0 = Release|Any CPU
		{DCA15C04-2F62-4AEF-92A2-C9531C523B16}.Ad-Hoc|x64.ActiveCfg = Release|Any CPU
		{DCA15C04-2F62-4AEF-92A2-C9531C523B16}.Ad-Hoc|x64.Build.0 = Release|Any CPU
		{DCA15C04-2F62-4AEF-92A2-C9531C523B16}.Ad-Hoc|x64.Deploy.0 = Release|Any CPU
		{DCA15C04-2F62-4AEF-92A2-C9531C523B16}.Ad-Hoc|x86.ActiveCfg = Release|Any CPU
		{DCA15C04-2F62-4AEF-92A2-C9531C523B16}.Ad-Hoc|x86.Build.0 = Release|Any CPU
		{DCA15C04-2F62-4AEF-92A2-C9531C523B16}.Ad-Hoc|x86.Deploy.0 = Release|Any CPU
		{DCA15C04-2F62-4AEF-92A2-C9531C523B16}.AppStore|Any CPU.ActiveCfg = Release|Any CPU
		{DCA15C04-2F62-4AEF-92A2-C9531C523B16}.AppStore|Any CPU.Build.0 = Release|Any CPU
		{DCA15C04-2F62-4AEF-92A2-C9531C523B16}.AppStore|Any CPU.Deploy.0 = Release|Any CPU
		{DCA15C04-2F62-4AEF-92A2-C9531C523B16}.AppStore|ARM.ActiveCfg = Release|Any CPU
		{DCA15C04-2F62-4AEF-92A2-C9531C523B16}.AppStore|ARM.Build.0 = Release|Any CPU
		{DCA15C04-2F62-4AEF-92A2-C9531C523B16}.AppStore|ARM.Deploy.0 = Release|Any CPU
		{DCA15C04-2F62-4AEF-92A2-C9531C523B16}.AppStore|iPhone.ActiveCfg = Release|Any CPU
		{DCA15C04-2F62-4AEF-92A2-C9531C523B16}.AppStore|iPhone.Build.0 = Release|Any CPU
		{DCA15C04-2F62-4AEF-92A2-C9531C523B16}.AppStore|iPhone.Deploy.0 = Release|Any CPU
		{DCA15C04-2F62-4AEF-92A2-C9531C523B16}.AppStore|iPhoneSimulator.ActiveCfg = Release|Any CPU
		{DCA15C04-2F62-4AEF-92A2-C9531C523B16}.AppStore|iPhoneSimulator.Build.0 = Release|Any CPU
		{DCA15C04-2F62-4AEF-92A2-C9531C523B16}.AppStore|iPhoneSimulator.Deploy.0 = Release|Any CPU
		{DCA15C04-2F62-4AEF-92A2-C9531C523B16}.AppStore|x64.ActiveCfg = Release|Any CPU
		{DCA15C04-2F62-4AEF-92A2-C9531C523B16}.AppStore|x64.Build.0 = Release|Any CPU
		{DCA15C04-2F62-4AEF-92A2-C9531C523B16}.AppStore|x64.Deploy.0 = Release|Any CPU
		{DCA15C04-2F62-4AEF-92A2-C9531C523B16}.AppStore|x86.ActiveCfg = Release|Any CPU
		{DCA15C04-2F62-4AEF-92A2-C9531C523B16}.AppStore|x86.Build.0 = Release|Any CPU
		{DCA15C04-2F62-4AEF-92A2-C9531C523B16}.AppStore|x86.Deploy.0 = Release|Any CPU
		{DCA15C04-2F62-4AEF-92A2-C9531C523B16}.Debug|Any CPU.ActiveCfg = Debug|Any CPU
		{DCA15C04-2F62-4AEF-92A2-C9531C523B16}.Debug|Any CPU.Build.0 = Debug|Any CPU
		{DCA15C04-2F62-4AEF-92A2-C9531C523B16}.Debug|Any CPU.Deploy.0 = Debug|Any CPU
		{DCA15C04-2F62-4AEF-92A2-C9531C523B16}.Debug|ARM.ActiveCfg = Debug|Any CPU
		{DCA15C04-2F62-4AEF-92A2-C9531C523B16}.Debug|ARM.Build.0 = Debug|Any CPU
		{DCA15C04-2F62-4AEF-92A2-C9531C523B16}.Debug|ARM.Deploy.0 = Debug|Any CPU
		{DCA15C04-2F62-4AEF-92A2-C9531C523B16}.Debug|iPhone.ActiveCfg = Debug|Any CPU
		{DCA15C04-2F62-4AEF-92A2-C9531C523B16}.Debug|iPhone.Build.0 = Debug|Any CPU
		{DCA15C04-2F62-4AEF-92A2-C9531C523B16}.Debug|iPhone.Deploy.0 = Debug|Any CPU
		{DCA15C04-2F62-4AEF-92A2-C9531C523B16}.Debug|iPhoneSimulator.ActiveCfg = Debug|Any CPU
		{DCA15C04-2F62-4AEF-92A2-C9531C523B16}.Debug|iPhoneSimulator.Build.0 = Debug|Any CPU
		{DCA15C04-2F62-4AEF-92A2-C9531C523B16}.Debug|iPhoneSimulator.Deploy.0 = Debug|Any CPU
		{DCA15C04-2F62-4AEF-92A2-C9531C523B16}.Debug|x64.ActiveCfg = Debug|Any CPU
		{DCA15C04-2F62-4AEF-92A2-C9531C523B16}.Debug|x64.Build.0 = Debug|Any CPU
		{DCA15C04-2F62-4AEF-92A2-C9531C523B16}.Debug|x64.Deploy.0 = Debug|Any CPU
		{DCA15C04-2F62-4AEF-92A2-C9531C523B16}.Debug|x86.ActiveCfg = Debug|Any CPU
		{DCA15C04-2F62-4AEF-92A2-C9531C523B16}.Debug|x86.Build.0 = Debug|Any CPU
		{DCA15C04-2F62-4AEF-92A2-C9531C523B16}.Debug|x86.Deploy.0 = Debug|Any CPU
		{DCA15C04-2F62-4AEF-92A2-C9531C523B16}.Release|Any CPU.ActiveCfg = Release|Any CPU
		{DCA15C04-2F62-4AEF-92A2-C9531C523B16}.Release|Any CPU.Build.0 = Release|Any CPU
		{DCA15C04-2F62-4AEF-92A2-C9531C523B16}.Release|Any CPU.Deploy.0 = Release|Any CPU
		{DCA15C04-2F62-4AEF-92A2-C9531C523B16}.Release|ARM.ActiveCfg = Release|Any CPU
		{DCA15C04-2F62-4AEF-92A2-C9531C523B16}.Release|ARM.Build.0 = Release|Any CPU
		{DCA15C04-2F62-4AEF-92A2-C9531C523B16}.Release|ARM.Deploy.0 = Release|Any CPU
		{DCA15C04-2F62-4AEF-92A2-C9531C523B16}.Release|iPhone.ActiveCfg = Release|Any CPU
		{DCA15C04-2F62-4AEF-92A2-C9531C523B16}.Release|iPhone.Build.0 = Release|Any CPU
		{DCA15C04-2F62-4AEF-92A2-C9531C523B16}.Release|iPhone.Deploy.0 = Release|Any CPU
		{DCA15C04-2F62-4AEF-92A2-C9531C523B16}.Release|iPhoneSimulator.ActiveCfg = Release|Any CPU
		{DCA15C04-2F62-4AEF-92A2-C9531C523B16}.Release|iPhoneSimulator.Build.0 = Release|Any CPU
		{DCA15C04-2F62-4AEF-92A2-C9531C523B16}.Release|iPhoneSimulator.Deploy.0 = Release|Any CPU
		{DCA15C04-2F62-4AEF-92A2-C9531C523B16}.Release|x64.ActiveCfg = Release|Any CPU
		{DCA15C04-2F62-4AEF-92A2-C9531C523B16}.Release|x64.Build.0 = Release|Any CPU
		{DCA15C04-2F62-4AEF-92A2-C9531C523B16}.Release|x64.Deploy.0 = Release|Any CPU
		{DCA15C04-2F62-4AEF-92A2-C9531C523B16}.Release|x86.ActiveCfg = Release|Any CPU
		{DCA15C04-2F62-4AEF-92A2-C9531C523B16}.Release|x86.Build.0 = Release|Any CPU
		{DCA15C04-2F62-4AEF-92A2-C9531C523B16}.Release|x86.Deploy.0 = Release|Any CPU
		{16207224-0AE6-48B5-9D8D-24632C620A67}.Ad-Hoc|Any CPU.ActiveCfg = Ad-Hoc|iPhone
		{16207224-0AE6-48B5-9D8D-24632C620A67}.Ad-Hoc|ARM.ActiveCfg = Ad-Hoc|iPhone
		{16207224-0AE6-48B5-9D8D-24632C620A67}.Ad-Hoc|iPhone.ActiveCfg = Ad-Hoc|iPhone
		{16207224-0AE6-48B5-9D8D-24632C620A67}.Ad-Hoc|iPhone.Build.0 = Ad-Hoc|iPhone
		{16207224-0AE6-48B5-9D8D-24632C620A67}.Ad-Hoc|iPhoneSimulator.ActiveCfg = Ad-Hoc|iPhoneSimulator
		{16207224-0AE6-48B5-9D8D-24632C620A67}.Ad-Hoc|iPhoneSimulator.Build.0 = Ad-Hoc|iPhoneSimulator
		{16207224-0AE6-48B5-9D8D-24632C620A67}.Ad-Hoc|x64.ActiveCfg = Ad-Hoc|iPhone
		{16207224-0AE6-48B5-9D8D-24632C620A67}.Ad-Hoc|x86.ActiveCfg = Ad-Hoc|iPhone
		{16207224-0AE6-48B5-9D8D-24632C620A67}.AppStore|Any CPU.ActiveCfg = AppStore|iPhone
		{16207224-0AE6-48B5-9D8D-24632C620A67}.AppStore|ARM.ActiveCfg = AppStore|iPhone
		{16207224-0AE6-48B5-9D8D-24632C620A67}.AppStore|iPhone.ActiveCfg = AppStore|iPhone
		{16207224-0AE6-48B5-9D8D-24632C620A67}.AppStore|iPhone.Build.0 = AppStore|iPhone
		{16207224-0AE6-48B5-9D8D-24632C620A67}.AppStore|iPhoneSimulator.ActiveCfg = AppStore|iPhoneSimulator
		{16207224-0AE6-48B5-9D8D-24632C620A67}.AppStore|iPhoneSimulator.Build.0 = AppStore|iPhoneSimulator
		{16207224-0AE6-48B5-9D8D-24632C620A67}.AppStore|x64.ActiveCfg = AppStore|iPhone
		{16207224-0AE6-48B5-9D8D-24632C620A67}.AppStore|x86.ActiveCfg = AppStore|iPhone
		{16207224-0AE6-48B5-9D8D-24632C620A67}.Debug|Any CPU.ActiveCfg = Debug|iPhone
		{16207224-0AE6-48B5-9D8D-24632C620A67}.Debug|ARM.ActiveCfg = Debug|iPhone
		{16207224-0AE6-48B5-9D8D-24632C620A67}.Debug|iPhone.ActiveCfg = Debug|iPhone
		{16207224-0AE6-48B5-9D8D-24632C620A67}.Debug|iPhone.Build.0 = Debug|iPhone
		{16207224-0AE6-48B5-9D8D-24632C620A67}.Debug|iPhoneSimulator.ActiveCfg = Debug|iPhoneSimulator
		{16207224-0AE6-48B5-9D8D-24632C620A67}.Debug|iPhoneSimulator.Build.0 = Debug|iPhoneSimulator
		{16207224-0AE6-48B5-9D8D-24632C620A67}.Debug|x64.ActiveCfg = Debug|iPhone
		{16207224-0AE6-48B5-9D8D-24632C620A67}.Debug|x86.ActiveCfg = Debug|iPhone
		{16207224-0AE6-48B5-9D8D-24632C620A67}.Release|Any CPU.ActiveCfg = Release|iPhone
		{16207224-0AE6-48B5-9D8D-24632C620A67}.Release|ARM.ActiveCfg = Release|iPhone
		{16207224-0AE6-48B5-9D8D-24632C620A67}.Release|iPhone.ActiveCfg = Release|iPhone
		{16207224-0AE6-48B5-9D8D-24632C620A67}.Release|iPhone.Build.0 = Release|iPhone
		{16207224-0AE6-48B5-9D8D-24632C620A67}.Release|iPhoneSimulator.ActiveCfg = Release|iPhoneSimulator
		{16207224-0AE6-48B5-9D8D-24632C620A67}.Release|iPhoneSimulator.Build.0 = Release|iPhoneSimulator
		{16207224-0AE6-48B5-9D8D-24632C620A67}.Release|x64.ActiveCfg = Release|iPhone
		{16207224-0AE6-48B5-9D8D-24632C620A67}.Release|x86.ActiveCfg = Release|iPhone
		{D00A3A3A-6D05-412F-9F2A-611DC687ABF8}.Ad-Hoc|Any CPU.ActiveCfg = Release|x86
		{D00A3A3A-6D05-412F-9F2A-611DC687ABF8}.Ad-Hoc|Any CPU.Build.0 = Release|x86
		{D00A3A3A-6D05-412F-9F2A-611DC687ABF8}.Ad-Hoc|Any CPU.Deploy.0 = Release|x86
		{D00A3A3A-6D05-412F-9F2A-611DC687ABF8}.Ad-Hoc|ARM.ActiveCfg = Release|ARM
		{D00A3A3A-6D05-412F-9F2A-611DC687ABF8}.Ad-Hoc|ARM.Build.0 = Release|ARM
		{D00A3A3A-6D05-412F-9F2A-611DC687ABF8}.Ad-Hoc|ARM.Deploy.0 = Release|ARM
		{D00A3A3A-6D05-412F-9F2A-611DC687ABF8}.Ad-Hoc|iPhone.ActiveCfg = Release|x86
		{D00A3A3A-6D05-412F-9F2A-611DC687ABF8}.Ad-Hoc|iPhone.Build.0 = Release|x86
		{D00A3A3A-6D05-412F-9F2A-611DC687ABF8}.Ad-Hoc|iPhone.Deploy.0 = Release|x86
		{D00A3A3A-6D05-412F-9F2A-611DC687ABF8}.Ad-Hoc|iPhoneSimulator.ActiveCfg = Release|x86
		{D00A3A3A-6D05-412F-9F2A-611DC687ABF8}.Ad-Hoc|iPhoneSimulator.Build.0 = Release|x86
		{D00A3A3A-6D05-412F-9F2A-611DC687ABF8}.Ad-Hoc|iPhoneSimulator.Deploy.0 = Release|x86
		{D00A3A3A-6D05-412F-9F2A-611DC687ABF8}.Ad-Hoc|x64.ActiveCfg = Release|x64
		{D00A3A3A-6D05-412F-9F2A-611DC687ABF8}.Ad-Hoc|x64.Build.0 = Release|x64
		{D00A3A3A-6D05-412F-9F2A-611DC687ABF8}.Ad-Hoc|x64.Deploy.0 = Release|x64
		{D00A3A3A-6D05-412F-9F2A-611DC687ABF8}.Ad-Hoc|x86.ActiveCfg = Release|x86
		{D00A3A3A-6D05-412F-9F2A-611DC687ABF8}.Ad-Hoc|x86.Build.0 = Release|x86
		{D00A3A3A-6D05-412F-9F2A-611DC687ABF8}.Ad-Hoc|x86.Deploy.0 = Release|x86
		{D00A3A3A-6D05-412F-9F2A-611DC687ABF8}.AppStore|Any CPU.ActiveCfg = Release|x86
		{D00A3A3A-6D05-412F-9F2A-611DC687ABF8}.AppStore|Any CPU.Build.0 = Release|x86
		{D00A3A3A-6D05-412F-9F2A-611DC687ABF8}.AppStore|Any CPU.Deploy.0 = Release|x86
		{D00A3A3A-6D05-412F-9F2A-611DC687ABF8}.AppStore|ARM.ActiveCfg = Release|ARM
		{D00A3A3A-6D05-412F-9F2A-611DC687ABF8}.AppStore|ARM.Build.0 = Release|ARM
		{D00A3A3A-6D05-412F-9F2A-611DC687ABF8}.AppStore|ARM.Deploy.0 = Release|ARM
		{D00A3A3A-6D05-412F-9F2A-611DC687ABF8}.AppStore|iPhone.ActiveCfg = Release|x86
		{D00A3A3A-6D05-412F-9F2A-611DC687ABF8}.AppStore|iPhone.Build.0 = Release|x86
		{D00A3A3A-6D05-412F-9F2A-611DC687ABF8}.AppStore|iPhone.Deploy.0 = Release|x86
		{D00A3A3A-6D05-412F-9F2A-611DC687ABF8}.AppStore|iPhoneSimulator.ActiveCfg = Release|x86
		{D00A3A3A-6D05-412F-9F2A-611DC687ABF8}.AppStore|iPhoneSimulator.Build.0 = Release|x86
		{D00A3A3A-6D05-412F-9F2A-611DC687ABF8}.AppStore|iPhoneSimulator.Deploy.0 = Release|x86
		{D00A3A3A-6D05-412F-9F2A-611DC687ABF8}.AppStore|x64.ActiveCfg = Release|x64
		{D00A3A3A-6D05-412F-9F2A-611DC687ABF8}.AppStore|x64.Build.0 = Release|x64
		{D00A3A3A-6D05-412F-9F2A-611DC687ABF8}.AppStore|x64.Deploy.0 = Release|x64
		{D00A3A3A-6D05-412F-9F2A-611DC687ABF8}.AppStore|x86.ActiveCfg = Release|x86
		{D00A3A3A-6D05-412F-9F2A-611DC687ABF8}.AppStore|x86.Build.0 = Release|x86
		{D00A3A3A-6D05-412F-9F2A-611DC687ABF8}.AppStore|x86.Deploy.0 = Release|x86
		{D00A3A3A-6D05-412F-9F2A-611DC687ABF8}.Debug|Any CPU.ActiveCfg = Debug|x86
		{D00A3A3A-6D05-412F-9F2A-611DC687ABF8}.Debug|ARM.ActiveCfg = Debug|ARM
		{D00A3A3A-6D05-412F-9F2A-611DC687ABF8}.Debug|ARM.Build.0 = Debug|ARM
		{D00A3A3A-6D05-412F-9F2A-611DC687ABF8}.Debug|ARM.Deploy.0 = Debug|ARM
		{D00A3A3A-6D05-412F-9F2A-611DC687ABF8}.Debug|iPhone.ActiveCfg = Debug|x86
		{D00A3A3A-6D05-412F-9F2A-611DC687ABF8}.Debug|iPhoneSimulator.ActiveCfg = Debug|x86
		{D00A3A3A-6D05-412F-9F2A-611DC687ABF8}.Debug|x64.ActiveCfg = Debug|x64
		{D00A3A3A-6D05-412F-9F2A-611DC687ABF8}.Debug|x64.Build.0 = Debug|x64
		{D00A3A3A-6D05-412F-9F2A-611DC687ABF8}.Debug|x64.Deploy.0 = Debug|x64
		{D00A3A3A-6D05-412F-9F2A-611DC687ABF8}.Debug|x86.ActiveCfg = Debug|x86
		{D00A3A3A-6D05-412F-9F2A-611DC687ABF8}.Debug|x86.Build.0 = Debug|x86
		{D00A3A3A-6D05-412F-9F2A-611DC687ABF8}.Debug|x86.Deploy.0 = Debug|x86
		{D00A3A3A-6D05-412F-9F2A-611DC687ABF8}.Release|Any CPU.ActiveCfg = Release|x86
		{D00A3A3A-6D05-412F-9F2A-611DC687ABF8}.Release|ARM.ActiveCfg = Release|ARM
		{D00A3A3A-6D05-412F-9F2A-611DC687ABF8}.Release|ARM.Build.0 = Release|ARM
		{D00A3A3A-6D05-412F-9F2A-611DC687ABF8}.Release|ARM.Deploy.0 = Release|ARM
		{D00A3A3A-6D05-412F-9F2A-611DC687ABF8}.Release|iPhone.ActiveCfg = Release|x86
		{D00A3A3A-6D05-412F-9F2A-611DC687ABF8}.Release|iPhoneSimulator.ActiveCfg = Release|x86
		{D00A3A3A-6D05-412F-9F2A-611DC687ABF8}.Release|x64.ActiveCfg = Release|x64
		{D00A3A3A-6D05-412F-9F2A-611DC687ABF8}.Release|x64.Build.0 = Release|x64
		{D00A3A3A-6D05-412F-9F2A-611DC687ABF8}.Release|x64.Deploy.0 = Release|x64
		{D00A3A3A-6D05-412F-9F2A-611DC687ABF8}.Release|x86.ActiveCfg = Release|x86
		{D00A3A3A-6D05-412F-9F2A-611DC687ABF8}.Release|x86.Build.0 = Release|x86
		{D00A3A3A-6D05-412F-9F2A-611DC687ABF8}.Release|x86.Deploy.0 = Release|x86
		{AF9D289D-F8ED-4F28-8284-3D363DE80A3E}.Ad-Hoc|Any CPU.ActiveCfg = Debug|Any CPU
		{AF9D289D-F8ED-4F28-8284-3D363DE80A3E}.Ad-Hoc|Any CPU.Build.0 = Debug|Any CPU
		{AF9D289D-F8ED-4F28-8284-3D363DE80A3E}.Ad-Hoc|ARM.ActiveCfg = Debug|Any CPU
		{AF9D289D-F8ED-4F28-8284-3D363DE80A3E}.Ad-Hoc|ARM.Build.0 = Debug|Any CPU
		{AF9D289D-F8ED-4F28-8284-3D363DE80A3E}.Ad-Hoc|iPhone.ActiveCfg = Debug|Any CPU
		{AF9D289D-F8ED-4F28-8284-3D363DE80A3E}.Ad-Hoc|iPhone.Build.0 = Debug|Any CPU
		{AF9D289D-F8ED-4F28-8284-3D363DE80A3E}.Ad-Hoc|iPhoneSimulator.ActiveCfg = Debug|Any CPU
		{AF9D289D-F8ED-4F28-8284-3D363DE80A3E}.Ad-Hoc|iPhoneSimulator.Build.0 = Debug|Any CPU
		{AF9D289D-F8ED-4F28-8284-3D363DE80A3E}.Ad-Hoc|x64.ActiveCfg = Debug|Any CPU
		{AF9D289D-F8ED-4F28-8284-3D363DE80A3E}.Ad-Hoc|x64.Build.0 = Debug|Any CPU
		{AF9D289D-F8ED-4F28-8284-3D363DE80A3E}.Ad-Hoc|x86.ActiveCfg = Debug|Any CPU
		{AF9D289D-F8ED-4F28-8284-3D363DE80A3E}.Ad-Hoc|x86.Build.0 = Debug|Any CPU
		{AF9D289D-F8ED-4F28-8284-3D363DE80A3E}.AppStore|Any CPU.ActiveCfg = Debug|Any CPU
		{AF9D289D-F8ED-4F28-8284-3D363DE80A3E}.AppStore|Any CPU.Build.0 = Debug|Any CPU
		{AF9D289D-F8ED-4F28-8284-3D363DE80A3E}.AppStore|ARM.ActiveCfg = Debug|Any CPU
		{AF9D289D-F8ED-4F28-8284-3D363DE80A3E}.AppStore|ARM.Build.0 = Debug|Any CPU
		{AF9D289D-F8ED-4F28-8284-3D363DE80A3E}.AppStore|iPhone.ActiveCfg = Debug|Any CPU
		{AF9D289D-F8ED-4F28-8284-3D363DE80A3E}.AppStore|iPhone.Build.0 = Debug|Any CPU
		{AF9D289D-F8ED-4F28-8284-3D363DE80A3E}.AppStore|iPhoneSimulator.ActiveCfg = Debug|Any CPU
		{AF9D289D-F8ED-4F28-8284-3D363DE80A3E}.AppStore|iPhoneSimulator.Build.0 = Debug|Any CPU
		{AF9D289D-F8ED-4F28-8284-3D363DE80A3E}.AppStore|x64.ActiveCfg = Debug|Any CPU
		{AF9D289D-F8ED-4F28-8284-3D363DE80A3E}.AppStore|x64.Build.0 = Debug|Any CPU
		{AF9D289D-F8ED-4F28-8284-3D363DE80A3E}.AppStore|x86.ActiveCfg = Debug|Any CPU
		{AF9D289D-F8ED-4F28-8284-3D363DE80A3E}.AppStore|x86.Build.0 = Debug|Any CPU
		{AF9D289D-F8ED-4F28-8284-3D363DE80A3E}.Debug|Any CPU.ActiveCfg = Debug|Any CPU
		{AF9D289D-F8ED-4F28-8284-3D363DE80A3E}.Debug|Any CPU.Build.0 = Debug|Any CPU
		{AF9D289D-F8ED-4F28-8284-3D363DE80A3E}.Debug|ARM.ActiveCfg = Debug|Any CPU
		{AF9D289D-F8ED-4F28-8284-3D363DE80A3E}.Debug|ARM.Build.0 = Debug|Any CPU
		{AF9D289D-F8ED-4F28-8284-3D363DE80A3E}.Debug|iPhone.ActiveCfg = Debug|Any CPU
		{AF9D289D-F8ED-4F28-8284-3D363DE80A3E}.Debug|iPhone.Build.0 = Debug|Any CPU
		{AF9D289D-F8ED-4F28-8284-3D363DE80A3E}.Debug|iPhoneSimulator.ActiveCfg = Debug|Any CPU
		{AF9D289D-F8ED-4F28-8284-3D363DE80A3E}.Debug|iPhoneSimulator.Build.0 = Debug|Any CPU
		{AF9D289D-F8ED-4F28-8284-3D363DE80A3E}.Debug|x64.ActiveCfg = Debug|Any CPU
		{AF9D289D-F8ED-4F28-8284-3D363DE80A3E}.Debug|x64.Build.0 = Debug|Any CPU
		{AF9D289D-F8ED-4F28-8284-3D363DE80A3E}.Debug|x86.ActiveCfg = Debug|Any CPU
		{AF9D289D-F8ED-4F28-8284-3D363DE80A3E}.Debug|x86.Build.0 = Debug|Any CPU
		{AF9D289D-F8ED-4F28-8284-3D363DE80A3E}.Release|Any CPU.ActiveCfg = Release|Any CPU
		{AF9D289D-F8ED-4F28-8284-3D363DE80A3E}.Release|Any CPU.Build.0 = Release|Any CPU
		{AF9D289D-F8ED-4F28-8284-3D363DE80A3E}.Release|ARM.ActiveCfg = Release|Any CPU
		{AF9D289D-F8ED-4F28-8284-3D363DE80A3E}.Release|ARM.Build.0 = Release|Any CPU
		{AF9D289D-F8ED-4F28-8284-3D363DE80A3E}.Release|iPhone.ActiveCfg = Release|Any CPU
		{AF9D289D-F8ED-4F28-8284-3D363DE80A3E}.Release|iPhone.Build.0 = Release|Any CPU
		{AF9D289D-F8ED-4F28-8284-3D363DE80A3E}.Release|iPhoneSimulator.ActiveCfg = Release|Any CPU
		{AF9D289D-F8ED-4F28-8284-3D363DE80A3E}.Release|iPhoneSimulator.Build.0 = Release|Any CPU
		{AF9D289D-F8ED-4F28-8284-3D363DE80A3E}.Release|x64.ActiveCfg = Release|Any CPU
		{AF9D289D-F8ED-4F28-8284-3D363DE80A3E}.Release|x64.Build.0 = Release|Any CPU
		{AF9D289D-F8ED-4F28-8284-3D363DE80A3E}.Release|x86.ActiveCfg = Release|Any CPU
		{AF9D289D-F8ED-4F28-8284-3D363DE80A3E}.Release|x86.Build.0 = Release|Any CPU
	EndGlobalSection
	GlobalSection(SolutionProperties) = preSolution
		HideSolutionNode = FALSE
	EndGlobalSection
	GlobalSection(NestedProjects) = preSolution
		{DCA15C04-2F62-4AEF-92A2-C9531C523B16} = {AC9F23D9-922C-423E-A552-3F8E5D91FECB}
		{16207224-0AE6-48B5-9D8D-24632C620A67} = {AC9F23D9-922C-423E-A552-3F8E5D91FECB}
		{D00A3A3A-6D05-412F-9F2A-611DC687ABF8} = {AC9F23D9-922C-423E-A552-3F8E5D91FECB}
		{AF9D289D-F8ED-4F28-8284-3D363DE80A3E} = {AC9F23D9-922C-423E-A552-3F8E5D91FECB}
	EndGlobalSection
	GlobalSection(ExtensibilityGlobals) = postSolution
		SolutionGuid = {7F07F4A0-6B20-40BC-9777-189741771842}
	EndGlobalSection
EndGlobal
