
Microsoft Visual Studio Solution File, Format Version 12.00
# Visual Studio 14
VisualStudioVersion = 14.0.25420.1
MinimumVisualStudioVersion = 10.0.40219.1
Project("{FAE04EC0-301F-11D3-BF4B-00C04F79EFBC}") = "Wibci.Xamarin.Images", "Wibci.Xamarin.Images\Wibci.Xamarin.Images\Wibci.Xamarin.Images.csproj", "{CF64ECC5-DCEC-47E8-8B8B-9EFA843ABACD}"
EndProject
Project("{FAE04EC0-301F-11D3-BF4B-00C04F79EFBC}") = "Wibci.Xamarin.Images.Droid", "Wibci.Xamarin.Images\Wibci.Xamarin.Images.Droid\Wibci.Xamarin.Images.Droid.csproj", "{9B68D8B5-4CD3-4D84-A8BB-70A4142A74A5}"
EndProject
Project("{FAE04EC0-301F-11D3-BF4B-00C04F79EFBC}") = "Wibci.Xamarin.Images.iOS", "Wibci.Xamarin.Images.iOS\Wibci.Xamarin.Images.iOS.csproj", "{75B9DA7A-3B54-4D5D-832B-4130ECB80F86}"
EndProject
Project("{FAE04EC0-301F-11D3-BF4B-00C04F79EFBC}") = "Wibci.Xamarin.Images.UWP", "Wibci.Xamarin.Images.UWP\Wibci.Xamarin.Images.UWP.csproj", "{A0055959-5F49-4306-B128-6F2FBE7710D7}"
EndProject
Global
	GlobalSection(SolutionConfigurationPlatforms) = preSolution
		Ad-Hoc|Any CPU = Ad-Hoc|Any CPU
		Ad-Hoc|ARM = Ad-Hoc|ARM
		Ad-Hoc|iPhone = Ad-Hoc|iPhone
		Ad-Hoc|iPhoneSimulator = Ad-Hoc|iPhoneSimulator
		Ad-Hoc|x64 = Ad-Hoc|x64
		Ad-Hoc|x86 = Ad-Hoc|x86
		AppStore|Any CPU = AppStore|Any CPU
		AppStore|ARM = AppStore|ARM
		AppStore|iPhone = AppStore|iPhone
		AppStore|iPhoneSimulator = AppStore|iPhoneSimulator
		AppStore|x64 = AppStore|x64
		AppStore|x86 = AppStore|x86
		Debug|Any CPU = Debug|Any CPU
		Debug|ARM = Debug|ARM
		Debug|iPhone = Debug|iPhone
		Debug|iPhoneSimulator = Debug|iPhoneSimulator
		Debug|x64 = Debug|x64
		Debug|x86 = Debug|x86
		Release|Any CPU = Release|Any CPU
		Release|ARM = Release|ARM
		Release|iPhone = Release|iPhone
		Release|iPhoneSimulator = Release|iPhoneSimulator
		Release|x64 = Release|x64
		Release|x86 = Release|x86
	EndGlobalSection
	GlobalSection(ProjectConfigurationPlatforms) = postSolution
		{CF64ECC5-DCEC-47E8-8B8B-9EFA843ABACD}.Ad-Hoc|Any CPU.ActiveCfg = Release|Any CPU
		{CF64ECC5-DCEC-47E8-8B8B-9EFA843ABACD}.Ad-Hoc|Any CPU.Build.0 = Release|Any CPU
		{CF64ECC5-DCEC-47E8-8B8B-9EFA843ABACD}.Ad-Hoc|ARM.ActiveCfg = Release|Any CPU
		{CF64ECC5-DCEC-47E8-8B8B-9EFA843ABACD}.Ad-Hoc|ARM.Build.0 = Release|Any CPU
		{CF64ECC5-DCEC-47E8-8B8B-9EFA843ABACD}.Ad-Hoc|iPhone.ActiveCfg = Release|Any CPU
		{CF64ECC5-DCEC-47E8-8B8B-9EFA843ABACD}.Ad-Hoc|iPhone.Build.0 = Release|Any CPU
		{CF64ECC5-DCEC-47E8-8B8B-9EFA843ABACD}.Ad-Hoc|iPhoneSimulator.ActiveCfg = Release|Any CPU
		{CF64ECC5-DCEC-47E8-8B8B-9EFA843ABACD}.Ad-Hoc|iPhoneSimulator.Build.0 = Release|Any CPU
		{CF64ECC5-DCEC-47E8-8B8B-9EFA843ABACD}.Ad-Hoc|x64.ActiveCfg = Release|Any CPU
		{CF64ECC5-DCEC-47E8-8B8B-9EFA843ABACD}.Ad-Hoc|x64.Build.0 = Release|Any CPU
		{CF64ECC5-DCEC-47E8-8B8B-9EFA843ABACD}.Ad-Hoc|x86.ActiveCfg = Release|Any CPU
		{CF64ECC5-DCEC-47E8-8B8B-9EFA843ABACD}.Ad-Hoc|x86.Build.0 = Release|Any CPU
		{CF64ECC5-DCEC-47E8-8B8B-9EFA843ABACD}.AppStore|Any CPU.ActiveCfg = Release|Any CPU
		{CF64ECC5-DCEC-47E8-8B8B-9EFA843ABACD}.AppStore|Any CPU.Build.0 = Release|Any CPU
		{CF64ECC5-DCEC-47E8-8B8B-9EFA843ABACD}.AppStore|ARM.ActiveCfg = Release|Any CPU
		{CF64ECC5-DCEC-47E8-8B8B-9EFA843ABACD}.AppStore|ARM.Build.0 = Release|Any CPU
		{CF64ECC5-DCEC-47E8-8B8B-9EFA843ABACD}.AppStore|iPhone.ActiveCfg = Release|Any CPU
		{CF64ECC5-DCEC-47E8-8B8B-9EFA843ABACD}.AppStore|iPhone.Build.0 = Release|Any CPU
		{CF64ECC5-DCEC-47E8-8B8B-9EFA843ABACD}.AppStore|iPhoneSimulator.ActiveCfg = Release|Any CPU
		{CF64ECC5-DCEC-47E8-8B8B-9EFA843ABACD}.AppStore|iPhoneSimulator.Build.0 = Release|Any CPU
		{CF64ECC5-DCEC-47E8-8B8B-9EFA843ABACD}.AppStore|x64.ActiveCfg = Release|Any CPU
		{CF64ECC5-DCEC-47E8-8B8B-9EFA843ABACD}.AppStore|x64.Build.0 = Release|Any CPU
		{CF64ECC5-DCEC-47E8-8B8B-9EFA843ABACD}.AppStore|x86.ActiveCfg = Release|Any CPU
		{CF64ECC5-DCEC-47E8-8B8B-9EFA843ABACD}.AppStore|x86.Build.0 = Release|Any CPU
		{CF64ECC5-DCEC-47E8-8B8B-9EFA843ABACD}.Debug|Any CPU.ActiveCfg = Debug|Any CPU
		{CF64ECC5-DCEC-47E8-8B8B-9EFA843ABACD}.Debug|Any CPU.Build.0 = Debug|Any CPU
		{CF64ECC5-DCEC-47E8-8B8B-9EFA843ABACD}.Debug|ARM.ActiveCfg = Debug|Any CPU
		{CF64ECC5-DCEC-47E8-8B8B-9EFA843ABACD}.Debug|ARM.Build.0 = Debug|Any CPU
		{CF64ECC5-DCEC-47E8-8B8B-9EFA843ABACD}.Debug|iPhone.ActiveCfg = Debug|Any CPU
		{CF64ECC5-DCEC-47E8-8B8B-9EFA843ABACD}.Debug|iPhone.Build.0 = Debug|Any CPU
		{CF64ECC5-DCEC-47E8-8B8B-9EFA843ABACD}.Debug|iPhoneSimulator.ActiveCfg = Debug|Any CPU
		{CF64ECC5-DCEC-47E8-8B8B-9EFA843ABACD}.Debug|iPhoneSimulator.Build.0 = Debug|Any CPU
		{CF64ECC5-DCEC-47E8-8B8B-9EFA843ABACD}.Debug|x64.ActiveCfg = Debug|Any CPU
		{CF64ECC5-DCEC-47E8-8B8B-9EFA843ABACD}.Debug|x64.Build.0 = Debug|Any CPU
		{CF64ECC5-DCEC-47E8-8B8B-9EFA843ABACD}.Debug|x86.ActiveCfg = Debug|Any CPU
		{CF64ECC5-DCEC-47E8-8B8B-9EFA843ABACD}.Debug|x86.Build.0 = Debug|Any CPU
		{CF64ECC5-DCEC-47E8-8B8B-9EFA843ABACD}.Release|Any CPU.ActiveCfg = Release|Any CPU
		{CF64ECC5-DCEC-47E8-8B8B-9EFA843ABACD}.Release|Any CPU.Build.0 = Release|Any CPU
		{CF64ECC5-DCEC-47E8-8B8B-9EFA843ABACD}.Release|ARM.ActiveCfg = Release|Any CPU
		{CF64ECC5-DCEC-47E8-8B8B-9EFA843ABACD}.Release|ARM.Build.0 = Release|Any CPU
		{CF64ECC5-DCEC-47E8-8B8B-9EFA843ABACD}.Release|iPhone.ActiveCfg = Release|Any CPU
		{CF64ECC5-DCEC-47E8-8B8B-9EFA843ABACD}.Release|iPhone.Build.0 = Release|Any CPU
		{CF64ECC5-DCEC-47E8-8B8B-9EFA843ABACD}.Release|iPhoneSimulator.ActiveCfg = Release|Any CPU
		{CF64ECC5-DCEC-47E8-8B8B-9EFA843ABACD}.Release|iPhoneSimulator.Build.0 = Release|Any CPU
		{CF64ECC5-DCEC-47E8-8B8B-9EFA843ABACD}.Release|x64.ActiveCfg = Release|Any CPU
		{CF64ECC5-DCEC-47E8-8B8B-9EFA843ABACD}.Release|x64.Build.0 = Release|Any CPU
		{CF64ECC5-DCEC-47E8-8B8B-9EFA843ABACD}.Release|x86.ActiveCfg = Release|Any CPU
		{CF64ECC5-DCEC-47E8-8B8B-9EFA843ABACD}.Release|x86.Build.0 = Release|Any CPU
		{9B68D8B5-4CD3-4D84-A8BB-70A4142A74A5}.Ad-Hoc|Any CPU.ActiveCfg = Release|Any CPU
		{9B68D8B5-4CD3-4D84-A8BB-70A4142A74A5}.Ad-Hoc|Any CPU.Build.0 = Release|Any CPU
		{9B68D8B5-4CD3-4D84-A8BB-70A4142A74A5}.Ad-Hoc|Any CPU.Deploy.0 = Release|Any CPU
		{9B68D8B5-4CD3-4D84-A8BB-70A4142A74A5}.Ad-Hoc|ARM.ActiveCfg = Release|Any CPU
		{9B68D8B5-4CD3-4D84-A8BB-70A4142A74A5}.Ad-Hoc|ARM.Build.0 = Release|Any CPU
		{9B68D8B5-4CD3-4D84-A8BB-70A4142A74A5}.Ad-Hoc|ARM.Deploy.0 = Release|Any CPU
		{9B68D8B5-4CD3-4D84-A8BB-70A4142A74A5}.Ad-Hoc|iPhone.ActiveCfg = Release|Any CPU
		{9B68D8B5-4CD3-4D84-A8BB-70A4142A74A5}.Ad-Hoc|iPhone.Build.0 = Release|Any CPU
		{9B68D8B5-4CD3-4D84-A8BB-70A4142A74A5}.Ad-Hoc|iPhone.Deploy.0 = Release|Any CPU
		{9B68D8B5-4CD3-4D84-A8BB-70A4142A74A5}.Ad-Hoc|iPhoneSimulator.ActiveCfg = Release|Any CPU
		{9B68D8B5-4CD3-4D84-A8BB-70A4142A74A5}.Ad-Hoc|iPhoneSimulator.Build.0 = Release|Any CPU
		{9B68D8B5-4CD3-4D84-A8BB-70A4142A74A5}.Ad-Hoc|iPhoneSimulator.Deploy.0 = Release|Any CPU
		{9B68D8B5-4CD3-4D84-A8BB-70A4142A74A5}.Ad-Hoc|x64.ActiveCfg = Release|Any CPU
		{9B68D8B5-4CD3-4D84-A8BB-70A4142A74A5}.Ad-Hoc|x64.Build.0 = Release|Any CPU
		{9B68D8B5-4CD3-4D84-A8BB-70A4142A74A5}.Ad-Hoc|x64.Deploy.0 = Release|Any CPU
		{9B68D8B5-4CD3-4D84-A8BB-70A4142A74A5}.Ad-Hoc|x86.ActiveCfg = Release|Any CPU
		{9B68D8B5-4CD3-4D84-A8BB-70A4142A74A5}.Ad-Hoc|x86.Build.0 = Release|Any CPU
		{9B68D8B5-4CD3-4D84-A8BB-70A4142A74A5}.Ad-Hoc|x86.Deploy.0 = Release|Any CPU
		{9B68D8B5-4CD3-4D84-A8BB-70A4142A74A5}.AppStore|Any CPU.ActiveCfg = Release|Any CPU
		{9B68D8B5-4CD3-4D84-A8BB-70A4142A74A5}.AppStore|Any CPU.Build.0 = Release|Any CPU
		{9B68D8B5-4CD3-4D84-A8BB-70A4142A74A5}.AppStore|Any CPU.Deploy.0 = Release|Any CPU
		{9B68D8B5-4CD3-4D84-A8BB-70A4142A74A5}.AppStore|ARM.ActiveCfg = Release|Any CPU
		{9B68D8B5-4CD3-4D84-A8BB-70A4142A74A5}.AppStore|ARM.Build.0 = Release|Any CPU
		{9B68D8B5-4CD3-4D84-A8BB-70A4142A74A5}.AppStore|ARM.Deploy.0 = Release|Any CPU
		{9B68D8B5-4CD3-4D84-A8BB-70A4142A74A5}.AppStore|iPhone.ActiveCfg = Release|Any CPU
		{9B68D8B5-4CD3-4D84-A8BB-70A4142A74A5}.AppStore|iPhone.Build.0 = Release|Any CPU
		{9B68D8B5-4CD3-4D84-A8BB-70A4142A74A5}.AppStore|iPhone.Deploy.0 = Release|Any CPU
		{9B68D8B5-4CD3-4D84-A8BB-70A4142A74A5}.AppStore|iPhoneSimulator.ActiveCfg = Release|Any CPU
		{9B68D8B5-4CD3-4D84-A8BB-70A4142A74A5}.AppStore|iPhoneSimulator.Build.0 = Release|Any CPU
		{9B68D8B5-4CD3-4D84-A8BB-70A4142A74A5}.AppStore|iPhoneSimulator.Deploy.0 = Release|Any CPU
		{9B68D8B5-4CD3-4D84-A8BB-70A4142A74A5}.AppStore|x64.ActiveCfg = Release|Any CPU
		{9B68D8B5-4CD3-4D84-A8BB-70A4142A74A5}.AppStore|x64.Build.0 = Release|Any CPU
		{9B68D8B5-4CD3-4D84-A8BB-70A4142A74A5}.AppStore|x64.Deploy.0 = Release|Any CPU
		{9B68D8B5-4CD3-4D84-A8BB-70A4142A74A5}.AppStore|x86.ActiveCfg = Release|Any CPU
		{9B68D8B5-4CD3-4D84-A8BB-70A4142A74A5}.AppStore|x86.Build.0 = Release|Any CPU
		{9B68D8B5-4CD3-4D84-A8BB-70A4142A74A5}.AppStore|x86.Deploy.0 = Release|Any CPU
		{9B68D8B5-4CD3-4D84-A8BB-70A4142A74A5}.Debug|Any CPU.ActiveCfg = Debug|Any CPU
		{9B68D8B5-4CD3-4D84-A8BB-70A4142A74A5}.Debug|Any CPU.Build.0 = Debug|Any CPU
		{9B68D8B5-4CD3-4D84-A8BB-70A4142A74A5}.Debug|Any CPU.Deploy.0 = Debug|Any CPU
		{9B68D8B5-4CD3-4D84-A8BB-70A4142A74A5}.Debug|ARM.ActiveCfg = Debug|Any CPU
		{9B68D8B5-4CD3-4D84-A8BB-70A4142A74A5}.Debug|ARM.Build.0 = Debug|Any CPU
		{9B68D8B5-4CD3-4D84-A8BB-70A4142A74A5}.Debug|ARM.Deploy.0 = Debug|Any CPU
		{9B68D8B5-4CD3-4D84-A8BB-70A4142A74A5}.Debug|iPhone.ActiveCfg = Debug|Any CPU
		{9B68D8B5-4CD3-4D84-A8BB-70A4142A74A5}.Debug|iPhone.Build.0 = Debug|Any CPU
		{9B68D8B5-4CD3-4D84-A8BB-70A4142A74A5}.Debug|iPhone.Deploy.0 = Debug|Any CPU
		{9B68D8B5-4CD3-4D84-A8BB-70A4142A74A5}.Debug|iPhoneSimulator.ActiveCfg = Debug|Any CPU
		{9B68D8B5-4CD3-4D84-A8BB-70A4142A74A5}.Debug|iPhoneSimulator.Build.0 = Debug|Any CPU
		{9B68D8B5-4CD3-4D84-A8BB-70A4142A74A5}.Debug|iPhoneSimulator.Deploy.0 = Debug|Any CPU
		{9B68D8B5-4CD3-4D84-A8BB-70A4142A74A5}.Debug|x64.ActiveCfg = Debug|Any CPU
		{9B68D8B5-4CD3-4D84-A8BB-70A4142A74A5}.Debug|x64.Build.0 = Debug|Any CPU
		{9B68D8B5-4CD3-4D84-A8BB-70A4142A74A5}.Debug|x64.Deploy.0 = Debug|Any CPU
		{9B68D8B5-4CD3-4D84-A8BB-70A4142A74A5}.Debug|x86.ActiveCfg = Debug|Any CPU
		{9B68D8B5-4CD3-4D84-A8BB-70A4142A74A5}.Debug|x86.Build.0 = Debug|Any CPU
		{9B68D8B5-4CD3-4D84-A8BB-70A4142A74A5}.Debug|x86.Deploy.0 = Debug|Any CPU
		{9B68D8B5-4CD3-4D84-A8BB-70A4142A74A5}.Release|Any CPU.ActiveCfg = Release|Any CPU
		{9B68D8B5-4CD3-4D84-A8BB-70A4142A74A5}.Release|Any CPU.Build.0 = Release|Any CPU
		{9B68D8B5-4CD3-4D84-A8BB-70A4142A74A5}.Release|Any CPU.Deploy.0 = Release|Any CPU
		{9B68D8B5-4CD3-4D84-A8BB-70A4142A74A5}.Release|ARM.ActiveCfg = Release|Any CPU
		{9B68D8B5-4CD3-4D84-A8BB-70A4142A74A5}.Release|ARM.Build.0 = Release|Any CPU
		{9B68D8B5-4CD3-4D84-A8BB-70A4142A74A5}.Release|ARM.Deploy.0 = Release|Any CPU
		{9B68D8B5-4CD3-4D84-A8BB-70A4142A74A5}.Release|iPhone.ActiveCfg = Release|Any CPU
		{9B68D8B5-4CD3-4D84-A8BB-70A4142A74A5}.Release|iPhone.Build.0 = Release|Any CPU
		{9B68D8B5-4CD3-4D84-A8BB-70A4142A74A5}.Release|iPhone.Deploy.0 = Release|Any CPU
		{9B68D8B5-4CD3-4D84-A8BB-70A4142A74A5}.Release|iPhoneSimulator.ActiveCfg = Release|Any CPU
		{9B68D8B5-4CD3-4D84-A8BB-70A4142A74A5}.Release|iPhoneSimulator.Build.0 = Release|Any CPU
		{9B68D8B5-4CD3-4D84-A8BB-70A4142A74A5}.Release|iPhoneSimulator.Deploy.0 = Release|Any CPU
		{9B68D8B5-4CD3-4D84-A8BB-70A4142A74A5}.Release|x64.ActiveCfg = Release|Any CPU
		{9B68D8B5-4CD3-4D84-A8BB-70A4142A74A5}.Release|x64.Build.0 = Release|Any CPU
		{9B68D8B5-4CD3-4D84-A8BB-70A4142A74A5}.Release|x64.Deploy.0 = Release|Any CPU
		{9B68D8B5-4CD3-4D84-A8BB-70A4142A74A5}.Release|x86.ActiveCfg = Release|Any CPU
		{9B68D8B5-4CD3-4D84-A8BB-70A4142A74A5}.Release|x86.Build.0 = Release|Any CPU
		{9B68D8B5-4CD3-4D84-A8BB-70A4142A74A5}.Release|x86.Deploy.0 = Release|Any CPU
		{75B9DA7A-3B54-4D5D-832B-4130ECB80F86}.Ad-Hoc|Any CPU.ActiveCfg = Release|Any CPU
		{75B9DA7A-3B54-4D5D-832B-4130ECB80F86}.Ad-Hoc|Any CPU.Build.0 = Release|Any CPU
		{75B9DA7A-3B54-4D5D-832B-4130ECB80F86}.Ad-Hoc|ARM.ActiveCfg = Release|Any CPU
		{75B9DA7A-3B54-4D5D-832B-4130ECB80F86}.Ad-Hoc|ARM.Build.0 = Release|Any CPU
		{75B9DA7A-3B54-4D5D-832B-4130ECB80F86}.Ad-Hoc|iPhone.ActiveCfg = Release|Any CPU
		{75B9DA7A-3B54-4D5D-832B-4130ECB80F86}.Ad-Hoc|iPhone.Build.0 = Release|Any CPU
		{75B9DA7A-3B54-4D5D-832B-4130ECB80F86}.Ad-Hoc|iPhoneSimulator.ActiveCfg = Release|Any CPU
		{75B9DA7A-3B54-4D5D-832B-4130ECB80F86}.Ad-Hoc|iPhoneSimulator.Build.0 = Release|Any CPU
		{75B9DA7A-3B54-4D5D-832B-4130ECB80F86}.Ad-Hoc|x64.ActiveCfg = Release|Any CPU
		{75B9DA7A-3B54-4D5D-832B-4130ECB80F86}.Ad-Hoc|x64.Build.0 = Release|Any CPU
		{75B9DA7A-3B54-4D5D-832B-4130ECB80F86}.Ad-Hoc|x86.ActiveCfg = Release|Any CPU
		{75B9DA7A-3B54-4D5D-832B-4130ECB80F86}.Ad-Hoc|x86.Build.0 = Release|Any CPU
		{75B9DA7A-3B54-4D5D-832B-4130ECB80F86}.AppStore|Any CPU.ActiveCfg = Release|Any CPU
		{75B9DA7A-3B54-4D5D-832B-4130ECB80F86}.AppStore|Any CPU.Build.0 = Release|Any CPU
		{75B9DA7A-3B54-4D5D-832B-4130ECB80F86}.AppStore|ARM.ActiveCfg = Release|Any CPU
		{75B9DA7A-3B54-4D5D-832B-4130ECB80F86}.AppStore|ARM.Build.0 = Release|Any CPU
		{75B9DA7A-3B54-4D5D-832B-4130ECB80F86}.AppStore|iPhone.ActiveCfg = Release|Any CPU
		{75B9DA7A-3B54-4D5D-832B-4130ECB80F86}.AppStore|iPhone.Build.0 = Release|Any CPU
		{75B9DA7A-3B54-4D5D-832B-4130ECB80F86}.AppStore|iPhoneSimulator.ActiveCfg = Release|Any CPU
		{75B9DA7A-3B54-4D5D-832B-4130ECB80F86}.AppStore|iPhoneSimulator.Build.0 = Release|Any CPU
		{75B9DA7A-3B54-4D5D-832B-4130ECB80F86}.AppStore|x64.ActiveCfg = Release|Any CPU
		{75B9DA7A-3B54-4D5D-832B-4130ECB80F86}.AppStore|x64.Build.0 = Release|Any CPU
		{75B9DA7A-3B54-4D5D-832B-4130ECB80F86}.AppStore|x86.ActiveCfg = Release|Any CPU
		{75B9DA7A-3B54-4D5D-832B-4130ECB80F86}.AppStore|x86.Build.0 = Release|Any CPU
		{75B9DA7A-3B54-4D5D-832B-4130ECB80F86}.Debug|Any CPU.ActiveCfg = Debug|Any CPU
		{75B9DA7A-3B54-4D5D-832B-4130ECB80F86}.Debug|Any CPU.Build.0 = Debug|Any CPU
		{75B9DA7A-3B54-4D5D-832B-4130ECB80F86}.Debug|ARM.ActiveCfg = Debug|Any CPU
		{75B9DA7A-3B54-4D5D-832B-4130ECB80F86}.Debug|ARM.Build.0 = Debug|Any CPU
		{75B9DA7A-3B54-4D5D-832B-4130ECB80F86}.Debug|iPhone.ActiveCfg = Debug|Any CPU
		{75B9DA7A-3B54-4D5D-832B-4130ECB80F86}.Debug|iPhone.Build.0 = Debug|Any CPU
		{75B9DA7A-3B54-4D5D-832B-4130ECB80F86}.Debug|iPhoneSimulator.ActiveCfg = Debug|Any CPU
		{75B9DA7A-3B54-4D5D-832B-4130ECB80F86}.Debug|iPhoneSimulator.Build.0 = Debug|Any CPU
		{75B9DA7A-3B54-4D5D-832B-4130ECB80F86}.Debug|x64.ActiveCfg = Debug|Any CPU
		{75B9DA7A-3B54-4D5D-832B-4130ECB80F86}.Debug|x64.Build.0 = Debug|Any CPU
		{75B9DA7A-3B54-4D5D-832B-4130ECB80F86}.Debug|x86.ActiveCfg = Debug|Any CPU
		{75B9DA7A-3B54-4D5D-832B-4130ECB80F86}.Debug|x86.Build.0 = Debug|Any CPU
		{75B9DA7A-3B54-4D5D-832B-4130ECB80F86}.Release|Any CPU.ActiveCfg = Release|Any CPU
		{75B9DA7A-3B54-4D5D-832B-4130ECB80F86}.Release|Any CPU.Build.0 = Release|Any CPU
		{75B9DA7A-3B54-4D5D-832B-4130ECB80F86}.Release|ARM.ActiveCfg = Release|Any CPU
		{75B9DA7A-3B54-4D5D-832B-4130ECB80F86}.Release|ARM.Build.0 = Release|Any CPU
		{75B9DA7A-3B54-4D5D-832B-4130ECB80F86}.Release|iPhone.ActiveCfg = Release|Any CPU
		{75B9DA7A-3B54-4D5D-832B-4130ECB80F86}.Release|iPhone.Build.0 = Release|Any CPU
		{75B9DA7A-3B54-4D5D-832B-4130ECB80F86}.Release|iPhoneSimulator.ActiveCfg = Release|Any CPU
		{75B9DA7A-3B54-4D5D-832B-4130ECB80F86}.Release|iPhoneSimulator.Build.0 = Release|Any CPU
		{75B9DA7A-3B54-4D5D-832B-4130ECB80F86}.Release|x64.ActiveCfg = Release|Any CPU
		{75B9DA7A-3B54-4D5D-832B-4130ECB80F86}.Release|x64.Build.0 = Release|Any CPU
		{75B9DA7A-3B54-4D5D-832B-4130ECB80F86}.Release|x86.ActiveCfg = Release|Any CPU
		{75B9DA7A-3B54-4D5D-832B-4130ECB80F86}.Release|x86.Build.0 = Release|Any CPU
		{A0055959-5F49-4306-B128-6F2FBE7710D7}.Ad-Hoc|Any CPU.ActiveCfg = Release|Any CPU
		{A0055959-5F49-4306-B128-6F2FBE7710D7}.Ad-Hoc|Any CPU.Build.0 = Release|Any CPU
		{A0055959-5F49-4306-B128-6F2FBE7710D7}.Ad-Hoc|ARM.ActiveCfg = Release|ARM
		{A0055959-5F49-4306-B128-6F2FBE7710D7}.Ad-Hoc|ARM.Build.0 = Release|ARM
		{A0055959-5F49-4306-B128-6F2FBE7710D7}.Ad-Hoc|iPhone.ActiveCfg = Release|Any CPU
		{A0055959-5F49-4306-B128-6F2FBE7710D7}.Ad-Hoc|iPhone.Build.0 = Release|Any CPU
		{A0055959-5F49-4306-B128-6F2FBE7710D7}.Ad-Hoc|iPhoneSimulator.ActiveCfg = Release|Any CPU
		{A0055959-5F49-4306-B128-6F2FBE7710D7}.Ad-Hoc|iPhoneSimulator.Build.0 = Release|Any CPU
		{A0055959-5F49-4306-B128-6F2FBE7710D7}.Ad-Hoc|x64.ActiveCfg = Release|x64
		{A0055959-5F49-4306-B128-6F2FBE7710D7}.Ad-Hoc|x64.Build.0 = Release|x64
		{A0055959-5F49-4306-B128-6F2FBE7710D7}.Ad-Hoc|x86.ActiveCfg = Release|x86
		{A0055959-5F49-4306-B128-6F2FBE7710D7}.Ad-Hoc|x86.Build.0 = Release|x86
		{A0055959-5F49-4306-B128-6F2FBE7710D7}.AppStore|Any CPU.ActiveCfg = Release|Any CPU
		{A0055959-5F49-4306-B128-6F2FBE7710D7}.AppStore|Any CPU.Build.0 = Release|Any CPU
		{A0055959-5F49-4306-B128-6F2FBE7710D7}.AppStore|ARM.ActiveCfg = Release|ARM
		{A0055959-5F49-4306-B128-6F2FBE7710D7}.AppStore|ARM.Build.0 = Release|ARM
		{A0055959-5F49-4306-B128-6F2FBE7710D7}.AppStore|iPhone.ActiveCfg = Release|Any CPU
		{A0055959-5F49-4306-B128-6F2FBE7710D7}.AppStore|iPhone.Build.0 = Release|Any CPU
		{A0055959-5F49-4306-B128-6F2FBE7710D7}.AppStore|iPhoneSimulator.ActiveCfg = Release|Any CPU
		{A0055959-5F49-4306-B128-6F2FBE7710D7}.AppStore|iPhoneSimulator.Build.0 = Release|Any CPU
		{A0055959-5F49-4306-B128-6F2FBE7710D7}.AppStore|x64.ActiveCfg = Release|x64
		{A0055959-5F49-4306-B128-6F2FBE7710D7}.AppStore|x64.Build.0 = Release|x64
		{A0055959-5F49-4306-B128-6F2FBE7710D7}.AppStore|x86.ActiveCfg = Release|x86
		{A0055959-5F49-4306-B128-6F2FBE7710D7}.AppStore|x86.Build.0 = Release|x86
		{A0055959-5F49-4306-B128-6F2FBE7710D7}.Debug|Any CPU.ActiveCfg = Debug|Any CPU
		{A0055959-5F49-4306-B128-6F2FBE7710D7}.Debug|Any CPU.Build.0 = Debug|Any CPU
		{A0055959-5F49-4306-B128-6F2FBE7710D7}.Debug|ARM.ActiveCfg = Debug|ARM
		{A0055959-5F49-4306-B128-6F2FBE7710D7}.Debug|ARM.Build.0 = Debug|ARM
		{A0055959-5F49-4306-B128-6F2FBE7710D7}.Debug|iPhone.ActiveCfg = Debug|Any CPU
		{A0055959-5F49-4306-B128-6F2FBE7710D7}.Debug|iPhone.Build.0 = Debug|Any CPU
		{A0055959-5F49-4306-B128-6F2FBE7710D7}.Debug|iPhoneSimulator.ActiveCfg = Debug|Any CPU
		{A0055959-5F49-4306-B128-6F2FBE7710D7}.Debug|iPhoneSimulator.Build.0 = Debug|Any CPU
		{A0055959-5F49-4306-B128-6F2FBE7710D7}.Debug|x64.ActiveCfg = Debug|x64
		{A0055959-5F49-4306-B128-6F2FBE7710D7}.Debug|x64.Build.0 = Debug|x64
		{A0055959-5F49-4306-B128-6F2FBE7710D7}.Debug|x86.ActiveCfg = Debug|x86
		{A0055959-5F49-4306-B128-6F2FBE7710D7}.Debug|x86.Build.0 = Debug|x86
		{A0055959-5F49-4306-B128-6F2FBE7710D7}.Release|Any CPU.ActiveCfg = Release|Any CPU
		{A0055959-5F49-4306-B128-6F2FBE7710D7}.Release|Any CPU.Build.0 = Release|Any CPU
		{A0055959-5F49-4306-B128-6F2FBE7710D7}.Release|ARM.ActiveCfg = Release|ARM
		{A0055959-5F49-4306-B128-6F2FBE7710D7}.Release|ARM.Build.0 = Release|ARM
		{A0055959-5F49-4306-B128-6F2FBE7710D7}.Release|iPhone.ActiveCfg = Release|Any CPU
		{A0055959-5F49-4306-B128-6F2FBE7710D7}.Release|iPhone.Build.0 = Release|Any CPU
		{A0055959-5F49-4306-B128-6F2FBE7710D7}.Release|iPhoneSimulator.ActiveCfg = Release|Any CPU
		{A0055959-5F49-4306-B128-6F2FBE7710D7}.Release|iPhoneSimulator.Build.0 = Release|Any CPU
		{A0055959-5F49-4306-B128-6F2FBE7710D7}.Release|x64.ActiveCfg = Release|x64
		{A0055959-5F49-4306-B128-6F2FBE7710D7}.Release|x64.Build.0 = Release|x64
		{A0055959-5F49-4306-B128-6F2FBE7710D7}.Release|x86.ActiveCfg = Release|x86
		{A0055959-5F49-4306-B128-6F2FBE7710D7}.Release|x86.Build.0 = Release|x86
	EndGlobalSection
	GlobalSection(SolutionProperties) = preSolution
		HideSolutionNode = FALSE
	EndGlobalSection
EndGlobal
